
Microsoft Visual Studio Solution File, Format Version 12.00
# Visual Studio 2013
VisualStudioVersion = 12.0.31101.0
MinimumVisualStudioVersion = 10.0.40219.1
Project("{FAE04EC0-301F-11D3-BF4B-00C04F79EFBC}") = "H2.2", "W2\H2.2\H2.2.csproj", "{FD286AF4-EB24-485C-AA37-6F134F1FE32B}"
EndProject
Project("{FAE04EC0-301F-11D3-BF4B-00C04F79EFBC}") = "M101DotNet.WebApp", "W2\H2.3\src\M101DotNet.WebApp\M101DotNet.WebApp.csproj", "{4558621B-E622-47E0-B81E-5686F8513F62}"
EndProject
Project("{2150E333-8FDC-42A3-9474-1A3956D46DE8}") = "Week2", "Week2", "{3F01D49E-C28C-4D26-847E-4E955F62E659}"
EndProject
Project("{2150E333-8FDC-42A3-9474-1A3956D46DE8}") = "H2.2", "H2.2", "{DE360B2A-A34F-46AE-8646-831DD981A317}"
EndProject
Project("{2150E333-8FDC-42A3-9474-1A3956D46DE8}") = "H2.3", "H2.3", "{D47688C2-9EBB-4E6D-9B43-58E5A6BE3B22}"
EndProject
Project("{2150E333-8FDC-42A3-9474-1A3956D46DE8}") = "Week3", "Week3", "{E1539D22-C5BF-4ED1-A2C7-A4EFDE94F1CF}"
EndProject
Project("{2150E333-8FDC-42A3-9474-1A3956D46DE8}") = "H3.1", "H3.1", "{18EF82A2-A22C-4AA3-B617-7E4C4D65AD71}"
EndProject
Project("{FAE04EC0-301F-11D3-BF4B-00C04F79EFBC}") = "H3.1", "H3.1\H3.1.csproj", "{F74BC08D-39FC-4C51-8A2C-A15877D50AD1}"
EndProject
Project("{FAE04EC0-301F-11D3-BF4B-00C04F79EFBC}") = "M101DotNet.WebApp", "H3.2\M101DotNet.WebApp\M101DotNet.WebApp.csproj", "{0672E3DD-223F-4C7C-BB18-371013217818}"
EndProject
Project("{2150E333-8FDC-42A3-9474-1A3956D46DE8}") = "H3.2", "H3.2", "{4343B3F3-C6A4-4300-B431-AAEB5187F456}"
EndProject
Project("{2150E333-8FDC-42A3-9474-1A3956D46DE8}") = "Week4", "Week4", "{F27DA777-FC85-438B-AA77-8FED2549F1D4}"
EndProject
Project("{2150E333-8FDC-42A3-9474-1A3956D46DE8}") = "H4.3", "H4.3", "{239D6215-B759-448E-87BA-23116634DB68}"
	ProjectSection(SolutionItems) = preProject
		H4.3.txt = H4.3.txt
	EndProjectSection
EndProject
Project("{2150E333-8FDC-42A3-9474-1A3956D46DE8}") = "H4.4", "H4.4", "{A4681B4C-D7DB-468E-85FC-20DD6EF584C1}"
	ProjectSection(SolutionItems) = preProject
		H4.4.txt = H4.4.txt
	EndProjectSection
EndProject
Project("{2150E333-8FDC-42A3-9474-1A3956D46DE8}") = "Exam", "Exam", "{303B1A98-50BA-46D1-B35D-F28C6F012D63}"
EndProject
Project("{2150E333-8FDC-42A3-9474-1A3956D46DE8}") = "Q7", "Q7", "{566EB00C-C879-44C0-BB4C-A9391A516D72}"
EndProject
Project("{FAE04EC0-301F-11D3-BF4B-00C04F79EFBC}") = "Q7", "Q7\Q7.csproj", "{33072E1D-5EA1-4CE5-BB28-9E09E878E7F4}"
EndProject
Global
	GlobalSection(SolutionConfigurationPlatforms) = preSolution
		Debug|Any CPU = Debug|Any CPU
		Release|Any CPU = Release|Any CPU
	EndGlobalSection
	GlobalSection(ProjectConfigurationPlatforms) = postSolution
		{FD286AF4-EB24-485C-AA37-6F134F1FE32B}.Debug|Any CPU.ActiveCfg = Debug|Any CPU
		{FD286AF4-EB24-485C-AA37-6F134F1FE32B}.Debug|Any CPU.Build.0 = Debug|Any CPU
		{FD286AF4-EB24-485C-AA37-6F134F1FE32B}.Release|Any CPU.ActiveCfg = Release|Any CPU
		{FD286AF4-EB24-485C-AA37-6F134F1FE32B}.Release|Any CPU.Build.0 = Release|Any CPU
		{4558621B-E622-47E0-B81E-5686F8513F62}.Debug|Any CPU.ActiveCfg = Debug|Any CPU
		{4558621B-E622-47E0-B81E-5686F8513F62}.Debug|Any CPU.Build.0 = Debug|Any CPU
		{4558621B-E622-47E0-B81E-5686F8513F62}.Release|Any CPU.ActiveCfg = Release|Any CPU
		{4558621B-E622-47E0-B81E-5686F8513F62}.Release|Any CPU.Build.0 = Release|Any CPU
		{F74BC08D-39FC-4C51-8A2C-A15877D50AD1}.Debug|Any CPU.ActiveCfg = Debug|Any CPU
		{F74BC08D-39FC-4C51-8A2C-A15877D50AD1}.Debug|Any CPU.Build.0 = Debug|Any CPU
		{F74BC08D-39FC-4C51-8A2C-A15877D50AD1}.Release|Any CPU.ActiveCfg = Release|Any CPU
		{F74BC08D-39FC-4C51-8A2C-A15877D50AD1}.Release|Any CPU.Build.0 = Release|Any CPU
		{0672E3DD-223F-4C7C-BB18-371013217818}.Debug|Any CPU.ActiveCfg = Debug|Any CPU
		{0672E3DD-223F-4C7C-BB18-371013217818}.Debug|Any CPU.Build.0 = Debug|Any CPU
		{0672E3DD-223F-4C7C-BB18-371013217818}.Release|Any CPU.ActiveCfg = Release|Any CPU
		{0672E3DD-223F-4C7C-BB18-371013217818}.Release|Any CPU.Build.0 = Release|Any CPU
		{33072E1D-5EA1-4CE5-BB28-9E09E878E7F4}.Debug|Any CPU.ActiveCfg = Debug|Any CPU
		{33072E1D-5EA1-4CE5-BB28-9E09E878E7F4}.Debug|Any CPU.Build.0 = Debug|Any CPU
		{33072E1D-5EA1-4CE5-BB28-9E09E878E7F4}.Release|Any CPU.ActiveCfg = Release|Any CPU
		{33072E1D-5EA1-4CE5-BB28-9E09E878E7F4}.Release|Any CPU.Build.0 = Release|Any CPU
	EndGlobalSection
	GlobalSection(SolutionProperties) = preSolution
		HideSolutionNode = FALSE
	EndGlobalSection
	GlobalSection(NestedProjects) = preSolution
		{FD286AF4-EB24-485C-AA37-6F134F1FE32B} = {DE360B2A-A34F-46AE-8646-831DD981A317}
		{4558621B-E622-47E0-B81E-5686F8513F62} = {D47688C2-9EBB-4E6D-9B43-58E5A6BE3B22}
		{DE360B2A-A34F-46AE-8646-831DD981A317} = {3F01D49E-C28C-4D26-847E-4E955F62E659}
		{D47688C2-9EBB-4E6D-9B43-58E5A6BE3B22} = {3F01D49E-C28C-4D26-847E-4E955F62E659}
		{18EF82A2-A22C-4AA3-B617-7E4C4D65AD71} = {E1539D22-C5BF-4ED1-A2C7-A4EFDE94F1CF}
		{F74BC08D-39FC-4C51-8A2C-A15877D50AD1} = {18EF82A2-A22C-4AA3-B617-7E4C4D65AD71}
		{0672E3DD-223F-4C7C-BB18-371013217818} = {4343B3F3-C6A4-4300-B431-AAEB5187F456}
		{4343B3F3-C6A4-4300-B431-AAEB5187F456} = {E1539D22-C5BF-4ED1-A2C7-A4EFDE94F1CF}
		{239D6215-B759-448E-87BA-23116634DB68} = {F27DA777-FC85-438B-AA77-8FED2549F1D4}
		{A4681B4C-D7DB-468E-85FC-20DD6EF584C1} = {F27DA777-FC85-438B-AA77-8FED2549F1D4}
		{566EB00C-C879-44C0-BB4C-A9391A516D72} = {303B1A98-50BA-46D1-B35D-F28C6F012D63}
		{33072E1D-5EA1-4CE5-BB28-9E09E878E7F4} = {566EB00C-C879-44C0-BB4C-A9391A516D72}
	EndGlobalSection
EndGlobal
