
Microsoft Visual Studio Solution File, Format Version 12.00
# Visual Studio 2013
VisualStudioVersion = 12.0.31101.0
MinimumVisualStudioVersion = 10.0.40219.1
Project("{FAE04EC0-301F-11D3-BF4B-00C04F79EFBC}") = "H2.2", "W2\H2.2\H2.2.csproj", "{FD286AF4-EB24-485C-AA37-6F134F1FE32B}"
EndProject
Global
	GlobalSection(SolutionConfigurationPlatforms) = preSolution
		Debug|Any CPU = Debug|Any CPU
		Release|Any CPU = Release|Any CPU
	EndGlobalSection
	GlobalSection(ProjectConfigurationPlatforms) = postSolution
		{FD286AF4-EB24-485C-AA37-6F134F1FE32B}.Debug|Any CPU.ActiveCfg = Debug|Any CPU
		{FD286AF4-EB24-485C-AA37-6F134F1FE32B}.Debug|Any CPU.Build.0 = Debug|Any CPU
		{FD286AF4-EB24-485C-AA37-6F134F1FE32B}.Release|Any CPU.ActiveCfg = Release|Any CPU
		{FD286AF4-EB24-485C-AA37-6F134F1FE32B}.Release|Any CPU.Build.0 = Release|Any CPU
	EndGlobalSection
	GlobalSection(SolutionProperties) = preSolution
		HideSolutionNode = FALSE
	EndGlobalSection
EndGlobal
